
Microsoft Visual Studio Solution File, Format Version 12.00
# Visual Studio Version 17
VisualStudioVersion = 17.14.36429.23 d17.14
MinimumVisualStudioVersion = 10.0.40219.1
Project("{FAE04EC0-301F-11D3-BF4B-00C04F79EFBC}") = "ChatAPI", "ChatAPI.csproj", "{A54B446E-6EBB-4450-8230-1F15C600E8CF}"
EndProject
Global
	GlobalSection(SolutionConfigurationPlatforms) = preSolution
		Debug|Any CPU = Debug|Any CPU
		Release|Any CPU = Release|Any CPU
	EndGlobalSection
	GlobalSection(ProjectConfigurationPlatforms) = postSolution
		{A54B446E-6EBB-4450-8230-1F15C600E8CF}.Debug|Any CPU.ActiveCfg = Debug|Any CPU
		{A54B446E-6EBB-4450-8230-1F15C600E8CF}.Debug|Any CPU.Build.0 = Debug|Any CPU
		{A54B446E-6EBB-4450-8230-1F15C600E8CF}.Release|Any CPU.ActiveCfg = Release|Any CPU
		{A54B446E-6EBB-4450-8230-1F15C600E8CF}.Release|Any CPU.Build.0 = Release|Any CPU
	EndGlobalSection
	GlobalSection(SolutionProperties) = preSolution
		HideSolutionNode = FALSE
	EndGlobalSection
	GlobalSection(ExtensibilityGlobals) = postSolution
		SolutionGuid = {DEA1D4C2-955B-41F1-A66C-D5F8E560B369}
	EndGlobalSection
EndGlobal
